
Microsoft Visual Studio Solution File, Format Version 12.00
# Visual Studio Version 16
VisualStudioVersion = 16.0.30406.217
MinimumVisualStudioVersion = 10.0.40219.1
Project("{8BC9CEB8-8B4A-11D0-8D11-00A0C91BC942}") = "acompiler", "acompiler.vcxproj", "{E415D9D1-78EE-4BDC-8226-8DFCC0369010}"
EndProject
Global
	GlobalSection(SolutionConfigurationPlatforms) = preSolution
		Debug|x64 = Debug|x64
		Debug|x86 = Debug|x86
		Release|x64 = Release|x64
		Release|x86 = Release|x86
	EndGlobalSection
	GlobalSection(ProjectConfigurationPlatforms) = postSolution
		{E415D9D1-78EE-4BDC-8226-8DFCC0369010}.Debug|x64.ActiveCfg = Debug|x64
		{E415D9D1-78EE-4BDC-8226-8DFCC0369010}.Debug|x64.Build.0 = Debug|x64
		{E415D9D1-78EE-4BDC-8226-8DFCC0369010}.Debug|x86.ActiveCfg = Debug|Win32
		{E415D9D1-78EE-4BDC-8226-8DFCC0369010}.Debug|x86.Build.0 = Debug|Win32
		{E415D9D1-78EE-4BDC-8226-8DFCC0369010}.Release|x64.ActiveCfg = Release|x64
		{E415D9D1-78EE-4BDC-8226-8DFCC0369010}.Release|x64.Build.0 = Release|x64
		{E415D9D1-78EE-4BDC-8226-8DFCC0369010}.Release|x86.ActiveCfg = Release|Win32
		{E415D9D1-78EE-4BDC-8226-8DFCC0369010}.Release|x86.Build.0 = Release|Win32
	EndGlobalSection
	GlobalSection(SolutionProperties) = preSolution
		HideSolutionNode = FALSE
	EndGlobalSection
	GlobalSection(ExtensibilityGlobals) = postSolution
		SolutionGuid = {35E81CF8-8ECB-4B9F-B513-D675341A2111}
	EndGlobalSection
EndGlobal
